
Microsoft Visual Studio Solution File, Format Version 12.00
# Visual Studio Version 17
VisualStudioVersion = 17.6.33815.320
MinimumVisualStudioVersion = 10.0.40219.1
Project("{888888A0-9F3D-457C-B088-3A5042F75D52}") = "OpenCV Test 1", "OpenCV Test 1\OpenCV Test 1.pyproj", "{E35797CD-07B0-45EB-82EE-190BF97E316C}"
EndProject
Global
	GlobalSection(SolutionConfigurationPlatforms) = preSolution
		Debug|Any CPU = Debug|Any CPU
		Release|Any CPU = Release|Any CPU
	EndGlobalSection
	GlobalSection(ProjectConfigurationPlatforms) = postSolution
		{E35797CD-07B0-45EB-82EE-190BF97E316C}.Debug|Any CPU.ActiveCfg = Debug|Any CPU
		{E35797CD-07B0-45EB-82EE-190BF97E316C}.Release|Any CPU.ActiveCfg = Release|Any CPU
	EndGlobalSection
	GlobalSection(SolutionProperties) = preSolution
		HideSolutionNode = FALSE
	EndGlobalSection
	GlobalSection(ExtensibilityGlobals) = postSolution
		SolutionGuid = {89A6342E-5171-4C0C-B32A-ABFD084ACC54}
	EndGlobalSection
EndGlobal
